
Microsoft Visual Studio Solution File, Format Version 12.00
# Visual Studio 15
VisualStudioVersion = 15.0.28307.329
MinimumVisualStudioVersion = 10.0.40219.1
Project("{FAE04EC0-301F-11D3-BF4B-00C04F79EFBC}") = "TwoFactorAuthDirectory", "TwoFactorAuthDirectory\TwoFactorAuthDirectory.csproj", "{481238BF-F0F8-42F1-8AD4-61BDE87A1259}"
EndProject
Project("{FAE04EC0-301F-11D3-BF4B-00C04F79EFBC}") = "TwoFactorAuthDirectoryTests", "TwoFactorAuthDirectoryTests\TwoFactorAuthDirectoryTests.csproj", "{6DC95688-50AF-4D04-93F1-74268446E0F4}"
EndProject
Global
	GlobalSection(SolutionConfigurationPlatforms) = preSolution
		Debug|Any CPU = Debug|Any CPU
		Release|Any CPU = Release|Any CPU
	EndGlobalSection
	GlobalSection(ProjectConfigurationPlatforms) = postSolution
		{481238BF-F0F8-42F1-8AD4-61BDE87A1259}.Debug|Any CPU.ActiveCfg = Debug|Any CPU
		{481238BF-F0F8-42F1-8AD4-61BDE87A1259}.Debug|Any CPU.Build.0 = Debug|Any CPU
		{481238BF-F0F8-42F1-8AD4-61BDE87A1259}.Release|Any CPU.ActiveCfg = Release|Any CPU
		{481238BF-F0F8-42F1-8AD4-61BDE87A1259}.Release|Any CPU.Build.0 = Release|Any CPU
		{6DC95688-50AF-4D04-93F1-74268446E0F4}.Debug|Any CPU.ActiveCfg = Debug|Any CPU
		{6DC95688-50AF-4D04-93F1-74268446E0F4}.Debug|Any CPU.Build.0 = Debug|Any CPU
		{6DC95688-50AF-4D04-93F1-74268446E0F4}.Release|Any CPU.ActiveCfg = Release|Any CPU
		{6DC95688-50AF-4D04-93F1-74268446E0F4}.Release|Any CPU.Build.0 = Release|Any CPU
	EndGlobalSection
	GlobalSection(SolutionProperties) = preSolution
		HideSolutionNode = FALSE
	EndGlobalSection
	GlobalSection(ExtensibilityGlobals) = postSolution
		SolutionGuid = {D67C7F1D-6B00-494F-ACB5-AAC750BE722B}
	EndGlobalSection
EndGlobal
